
Microsoft Visual Studio Solution File, Format Version 12.00
Project("{FAE04EC0-301F-11D3-BF4B-00C04F79EFBC}") = "tp_D5", "tp_D5\tp_D5.csproj", "{DAE0A966-A0A9-4864-9D7D-9D400D00D153}"
EndProject
Global
	GlobalSection(SolutionConfigurationPlatforms) = preSolution
		Debug|Any CPU = Debug|Any CPU
		Release|Any CPU = Release|Any CPU
	EndGlobalSection
	GlobalSection(ProjectConfigurationPlatforms) = postSolution
		{DAE0A966-A0A9-4864-9D7D-9D400D00D153}.Debug|Any CPU.ActiveCfg = Debug|Any CPU
		{DAE0A966-A0A9-4864-9D7D-9D400D00D153}.Debug|Any CPU.Build.0 = Debug|Any CPU
		{DAE0A966-A0A9-4864-9D7D-9D400D00D153}.Release|Any CPU.ActiveCfg = Release|Any CPU
		{DAE0A966-A0A9-4864-9D7D-9D400D00D153}.Release|Any CPU.Build.0 = Release|Any CPU
	EndGlobalSection
EndGlobal
